
Microsoft Visual Studio Solution File, Format Version 12.00
# Visual Studio Version 17
VisualStudioVersion = 17.14.36414.22 d17.14
MinimumVisualStudioVersion = 10.0.40219.1
Project("{FAE04EC0-301F-11D3-BF4B-00C04F79EFBC}") = "ClassLibrary1", "ClassLibrary1\ClassLibrary1.csproj", "{44736E54-64B2-44EE-A15A-26F2E2689DDA}"
EndProject
Global
	GlobalSection(SolutionConfigurationPlatforms) = preSolution
		Debug|Any CPU = Debug|Any CPU
		Release|Any CPU = Release|Any CPU
	EndGlobalSection
	GlobalSection(ProjectConfigurationPlatforms) = postSolution
		{44736E54-64B2-44EE-A15A-26F2E2689DDA}.Debug|Any CPU.ActiveCfg = Debug|Any CPU
		{44736E54-64B2-44EE-A15A-26F2E2689DDA}.Debug|Any CPU.Build.0 = Debug|Any CPU
		{44736E54-64B2-44EE-A15A-26F2E2689DDA}.Release|Any CPU.ActiveCfg = Release|Any CPU
		{44736E54-64B2-44EE-A15A-26F2E2689DDA}.Release|Any CPU.Build.0 = Release|Any CPU
	EndGlobalSection
	GlobalSection(SolutionProperties) = preSolution
		HideSolutionNode = FALSE
	EndGlobalSection
	GlobalSection(ExtensibilityGlobals) = postSolution
		SolutionGuid = {5D051FBA-746D-4A93-BCE6-806E05E12773}
	EndGlobalSection
EndGlobal
