
Microsoft Visual Studio Solution File, Format Version 12.00
# Visual Studio Version 17
VisualStudioVersion = 17.14.36414.22 d17.14
MinimumVisualStudioVersion = 10.0.40219.1
Project("{FAE04EC0-301F-11D3-BF4B-00C04F79EFBC}") = "FootballSystem.Api", "FootballSystem.Api\FootballSystem.Api.csproj", "{3313F6CD-332A-4859-9E85-B0D38F90CA5B}"
EndProject
Global
	GlobalSection(SolutionConfigurationPlatforms) = preSolution
		Debug|Any CPU = Debug|Any CPU
		Release|Any CPU = Release|Any CPU
	EndGlobalSection
	GlobalSection(ProjectConfigurationPlatforms) = postSolution
		{3313F6CD-332A-4859-9E85-B0D38F90CA5B}.Debug|Any CPU.ActiveCfg = Debug|Any CPU
		{3313F6CD-332A-4859-9E85-B0D38F90CA5B}.Debug|Any CPU.Build.0 = Debug|Any CPU
		{3313F6CD-332A-4859-9E85-B0D38F90CA5B}.Release|Any CPU.ActiveCfg = Release|Any CPU
		{3313F6CD-332A-4859-9E85-B0D38F90CA5B}.Release|Any CPU.Build.0 = Release|Any CPU
	EndGlobalSection
	GlobalSection(SolutionProperties) = preSolution
		HideSolutionNode = FALSE
	EndGlobalSection
	GlobalSection(ExtensibilityGlobals) = postSolution
		SolutionGuid = {A4D9375E-E563-46B1-A62F-80643DBCA2CC}
	EndGlobalSection
EndGlobal
